<?xml version="1.0" encoding="utf-8"?>
<Project ToolsVersion="4.0" xmlns="http://schemas.microsoft.com/developer/msbuild/2003">
  <ItemGroup>
    <Filter Include="Source Files">
      <UniqueIdentifier>{4FC737F1-C7A5-4376-A066-2A32D752A2FF}</UniqueIdentifier>
      <Extensions>cpp;c;cc;cxx;def;odl;idl;hpj;bat;asm;asmx</Extensions>
    </Filter>
    <Filter Include="Header Files">
      <UniqueIdentifier>{93995380-89BD-4b04-88EB-625FBE52EBFB}</UniqueIdentifier>
      <Extensions>h;hh;hpp;hxx;hm;inl;inc;xsd</Extensions>
    </Filter>
    <Filter Include="Resource Files">
      <UniqueIdentifier>{D9D6E242-F8AF-46E4-B9FD-80ECBC20BA3E}</UniqueIdentifier>
      <Extensions>qrc;*</Extensions>
      <ParseFiles>false</ParseFiles>
    </Filter>
    <Filter Include="Form Files">
      <UniqueIdentifier>{99349809-55BA-4b9d-BF79-8FDBB0286EB3}</UniqueIdentifier>
      <Extensions>ui</Extensions>
    </Filter>
    <Filter Include="Resource Files">
      <UniqueIdentifier>{D9D6E242-F8AF-46E4-B9FD-80ECBC20BA3E}</UniqueIdentifier>
      <Extensions>qrc;*</Extensions>
      <ParseFiles>false</ParseFiles>
    </Filter>
    <Filter Include="Generated Files">
      <UniqueIdentifier>{71ED8ED8-ACB9-4CE9-BBE1-E00B30144E11}</UniqueIdentifier>
      <Extensions>moc;h;cpp</Extensions>
      <SourceControlFiles>False</SourceControlFiles>
    </Filter>
    <Filter Include="Messages">
      <UniqueIdentifier>{a177ef91-4370-4b42-885d-d39f221f7006}</UniqueIdentifier>
    </Filter>
    <Filter Include="Handlers">
      <UniqueIdentifier>{9be30345-3a19-47d0-8394-c2bf369a2fd7}</UniqueIdentifier>
    </Filter>
  </ItemGroup>
  <ItemGroup>
    <ClCompile Include="main.cpp">
      <Filter>Source Files</Filter>
    </ClCompile>
    <ClCompile Include="PacketSender.cpp">
      <Filter>Source Files</Filter>
    </ClCompile>
    <ClCompile Include="PacketSenderWidget.cpp">
      <Filter>Source Files</Filter>
    </ClCompile>
    <ClCompile Include="ConnectionWidget.cpp">
      <Filter>Source Files</Filter>
    </ClCompile>
    <ClCompile Include="TcpServerHandler.cpp">
      <Filter>Source Files</Filter>
    </ClCompile>
    <ClCompile Include="TcpClientHandler.cpp">
      <Filter>Source Files</Filter>
    </ClCompile>
    <ClCompile Include="LogWidget.cpp">
      <Filter>Source Files</Filter>
    </ClCompile>
    <ClCompile Include="FileSenderMessages.cpp">
      <Filter>Messages</Filter>
    </ClCompile>
    <ClCompile Include="FileDataMessage.cpp">
      <Filter>Messages</Filter>
    </ClCompile>
    <ClCompile Include="FileStartMessage.cpp">
      <Filter>Messages</Filter>
    </ClCompile>
    <ClCompile Include="FileEndMessage.cpp">
      <Filter>Messages</Filter>
    </ClCompile>
    <ClCompile Include="FileSender.cpp">
      <Filter>Source Files</Filter>
    </ClCompile>
    <ClCompile Include="FileSenderHandler.cpp">
      <Filter>Handlers</Filter>
    </ClCompile>
    <ClCompile Include="FileDataHandler.cpp">
      <Filter>Handlers</Filter>
    </ClCompile>
    <ClCompile Include="FileEndHandler.cpp">
      <Filter>Handlers</Filter>
    </ClCompile>
    <ClCompile Include="UdpHandler.cpp">
      <Filter>Source Files</Filter>
    </ClCompile>
  </ItemGroup>
  <ItemGroup>
    <QtMoc Include="PacketSender.h">
      <Filter>Header Files</Filter>
    </QtMoc>
    <QtMoc Include="PacketSenderWidget.h">
      <Filter>Header Files</Filter>
    </QtMoc>
    <QtMoc Include="ConnectionWidget.h">
      <Filter>Header Files</Filter>
    </QtMoc>
    <QtMoc Include="TcpClientHandler.h">
      <Filter>Header Files</Filter>
    </QtMoc>
    <QtMoc Include="TcpServerHandler.h">
      <Filter>Header Files</Filter>
    </QtMoc>
    <QtMoc Include="LogWidget.h">
      <Filter>Header Files</Filter>
    </QtMoc>
    <QtMoc Include="UdpHandler.h">
      <Filter>Header Files</Filter>
    </QtMoc>
  </ItemGroup>
  <ItemGroup>
    <QtUic Include="PacketSender.ui">
      <Filter>Form Files</Filter>
    </QtUic>
    <QtUic Include="PacketSenderWidget.ui">
      <Filter>Form Files</Filter>
    </QtUic>
    <QtUic Include="ConnectionWidget.ui">
      <Filter>Form Files</Filter>
    </QtUic>
    <QtUic Include="LogWidget.ui">
      <Filter>Form Files</Filter>
    </QtUic>
  </ItemGroup>
  <ItemGroup>
    <QtRcc Include="PacketSender.qrc">
      <Filter>Resource Files</Filter>
    </QtRcc>
  </ItemGroup>
  <ItemGroup>
    <ClInclude Include="FileSenderMessageType.h">
      <Filter>Messages</Filter>
    </ClInclude>
    <ClInclude Include="FileSenderMessages.h">
      <Filter>Messages</Filter>
    </ClInclude>
    <ClInclude Include="FileDataMessage.h">
      <Filter>Messages</Filter>
    </ClInclude>
    <ClInclude Include="FileStartMessage.h">
      <Filter>Messages</Filter>
    </ClInclude>
    <ClInclude Include="FileEndMessage.h">
      <Filter>Messages</Filter>
    </ClInclude>
    <ClInclude Include="FileSender.h">
      <Filter>Header Files</Filter>
    </ClInclude>
    <ClInclude Include="FileSenderHandler.h">
      <Filter>Handlers</Filter>
    </ClInclude>
    <ClInclude Include="FileDataHandler.h">
      <Filter>Handlers</Filter>
    </ClInclude>
    <ClInclude Include="FileEndHandler.h">
      <Filter>Handlers</Filter>
    </ClInclude>
  </ItemGroup>
</Project>